
Microsoft Visual Studio Solution File, Format Version 11.00
# Visual Studio 2010
# SharpDevelop 5.1
Project("{FAE04EC0-301F-11D3-BF4B-00C04F79EFBC}") = "NovetusShared", "NovetusShared.csproj", "{759BFC2B-C130-4A2A-A01F-65ABFEE85B4C}"
EndProject
Global
	GlobalSection(SolutionConfigurationPlatforms) = preSolution
		Debug|Any CPU = Debug|Any CPU
		Release|Any CPU = Release|Any CPU
	EndGlobalSection
	GlobalSection(ProjectConfigurationPlatforms) = postSolution
		{759BFC2B-C130-4A2A-A01F-65ABFEE85B4C}.Debug|Any CPU.ActiveCfg = Debug|Any CPU
		{759BFC2B-C130-4A2A-A01F-65ABFEE85B4C}.Debug|Any CPU.Build.0 = Debug|Any CPU
		{759BFC2B-C130-4A2A-A01F-65ABFEE85B4C}.Release|Any CPU.ActiveCfg = Release|Any CPU
		{759BFC2B-C130-4A2A-A01F-65ABFEE85B4C}.Release|Any CPU.Build.0 = Release|Any CPU
	EndGlobalSection
EndGlobal
