
Microsoft Visual Studio Solution File, Format Version 12.00
# Visual Studio 14
VisualStudioVersion = 14.0.25420.1
MinimumVisualStudioVersion = 10.0.40219.1
Project("{FAE04EC0-301F-11D3-BF4B-00C04F79EFBC}") = "NovetusTest_RobloxXMLFileParser", "NovetusTest_RobloxXMLFileParser\NovetusTest_RobloxXMLFileParser.csproj", "{30A2FB06-2B19-45E3-83D1-D7A121BC6567}"
EndProject
Global
	GlobalSection(SolutionConfigurationPlatforms) = preSolution
		Debug|Any CPU = Debug|Any CPU
		Release|Any CPU = Release|Any CPU
	EndGlobalSection
	GlobalSection(ProjectConfigurationPlatforms) = postSolution
		{30A2FB06-2B19-45E3-83D1-D7A121BC6567}.Debug|Any CPU.ActiveCfg = Debug|Any CPU
		{30A2FB06-2B19-45E3-83D1-D7A121BC6567}.Debug|Any CPU.Build.0 = Debug|Any CPU
		{30A2FB06-2B19-45E3-83D1-D7A121BC6567}.Release|Any CPU.ActiveCfg = Release|Any CPU
		{30A2FB06-2B19-45E3-83D1-D7A121BC6567}.Release|Any CPU.Build.0 = Release|Any CPU
	EndGlobalSection
	GlobalSection(SolutionProperties) = preSolution
		HideSolutionNode = FALSE
	EndGlobalSection
EndGlobal
