
Microsoft Visual Studio Solution File, Format Version 12.00
# Visual Studio Version 17
VisualStudioVersion = 17.2.32630.192
MinimumVisualStudioVersion = 10.0.40219.1
Project("{D954291E-2A0B-460D-934E-DC6B0785DB48}") = "Novetus.Core", "NovetusCore\Novetus.Core.shproj", "{DEBCC57D-9A3B-4D7C-8693-FA4AEC56C8C1}"
EndProject
Project("{FAE04EC0-301F-11D3-BF4B-00C04F79EFBC}") = "Novetus.Bootstrapper", "Novetus.Bootstrapper\Novetus.Bootstrapper.csproj", "{8D030E72-BBF0-42E2-9DFB-C29E9E2A7E80}"
EndProject
Project("{FAE04EC0-301F-11D3-BF4B-00C04F79EFBC}") = "Novetus.Launcher", "NovetusLauncher\Novetus.Launcher.csproj", "{78EE2921-681F-411A-90F2-773A5CE96B7E}"
EndProject
Project("{FAE04EC0-301F-11D3-BF4B-00C04F79EFBC}") = "Novetus.URI", "NovetusURI\Novetus.URI.csproj", "{917B30DE-F2C0-4955-B3B9-5BF90C3D01E9}"
EndProject
Global
	GlobalSection(SolutionConfigurationPlatforms) = preSolution
		Debug|Any CPU = Debug|Any CPU
		Release|Any CPU = Release|Any CPU
	EndGlobalSection
	GlobalSection(ProjectConfigurationPlatforms) = postSolution
		{8D030E72-BBF0-42E2-9DFB-C29E9E2A7E80}.Debug|Any CPU.ActiveCfg = Debug|Any CPU
		{8D030E72-BBF0-42E2-9DFB-C29E9E2A7E80}.Debug|Any CPU.Build.0 = Debug|Any CPU
		{8D030E72-BBF0-42E2-9DFB-C29E9E2A7E80}.Release|Any CPU.ActiveCfg = Release|Any CPU
		{8D030E72-BBF0-42E2-9DFB-C29E9E2A7E80}.Release|Any CPU.Build.0 = Release|Any CPU
		{78EE2921-681F-411A-90F2-773A5CE96B7E}.Debug|Any CPU.ActiveCfg = Debug|Any CPU
		{78EE2921-681F-411A-90F2-773A5CE96B7E}.Debug|Any CPU.Build.0 = Debug|Any CPU
		{78EE2921-681F-411A-90F2-773A5CE96B7E}.Release|Any CPU.ActiveCfg = Release|Any CPU
		{78EE2921-681F-411A-90F2-773A5CE96B7E}.Release|Any CPU.Build.0 = Release|Any CPU
		{917B30DE-F2C0-4955-B3B9-5BF90C3D01E9}.Debug|Any CPU.ActiveCfg = Debug|Any CPU
		{917B30DE-F2C0-4955-B3B9-5BF90C3D01E9}.Debug|Any CPU.Build.0 = Debug|Any CPU
		{917B30DE-F2C0-4955-B3B9-5BF90C3D01E9}.Release|Any CPU.ActiveCfg = Release|Any CPU
		{917B30DE-F2C0-4955-B3B9-5BF90C3D01E9}.Release|Any CPU.Build.0 = Release|Any CPU
	EndGlobalSection
	GlobalSection(SolutionProperties) = preSolution
		HideSolutionNode = FALSE
	EndGlobalSection
	GlobalSection(ExtensibilityGlobals) = postSolution
		SolutionGuid = {66CA6CE5-670E-48AA-A2DA-9347371D4CA0}
	EndGlobalSection
	GlobalSection(SharedMSBuildProjectFiles) = preSolution
		NovetusCore\NovetusCore.projitems*{78ee2921-681f-411a-90f2-773a5ce96b7e}*SharedItemsImports = 4
		NovetusCore\NovetusCore.projitems*{8d030e72-bbf0-42e2-9dfb-c29e9e2a7e80}*SharedItemsImports = 4
		NovetusCore\NovetusCore.projitems*{917b30de-f2c0-4955-b3b9-5bf90c3d01e9}*SharedItemsImports = 4
		NovetusCore\NovetusCore.projitems*{debcc57d-9a3b-4d7c-8693-fa4aec56c8c1}*SharedItemsImports = 13
	EndGlobalSection
EndGlobal
