
Microsoft Visual Studio Solution File, Format Version 12.00
# Visual Studio Version 17
VisualStudioVersion = 17.2.32630.192
MinimumVisualStudioVersion = 10.0.40219.1
Project("{D954291E-2A0B-460D-934E-DC6B0785DB48}") = "Novetus.Core", "NovetusCore\Novetus.Core.shproj", "{DEBCC57D-9A3B-4D7C-8693-FA4AEC56C8C1}"
EndProject
Project("{9A19103F-16F7-4668-BE54-9A1E7A4F7556}") = "Novetus.Launcher.Net6", "NovetusLauncher\Novetus.Launcher.Net6.csproj", "{6BBCA84A-28AF-4ED3-A692-4B6EC8A5E964}"
EndProject
Project("{9A19103F-16F7-4668-BE54-9A1E7A4F7556}") = "Novetus.URI.Net6", "NovetusURI\Novetus.URI.Net6.csproj", "{626D04B8-37A3-439C-BDB0-BAA914B37AE5}"
EndProject
Project("{9A19103F-16F7-4668-BE54-9A1E7A4F7556}") = "Novetus.Bootstrapper.Net6", "Novetus.Bootstrapper\Novetus.Bootstrapper.Net6.csproj", "{AD1772AA-A03F-4081-8979-B1C7C30C85C2}"
EndProject
Global
	GlobalSection(SolutionConfigurationPlatforms) = preSolution
		Debug|Any CPU = Debug|Any CPU
		Release|Any CPU = Release|Any CPU
	EndGlobalSection
	GlobalSection(ProjectConfigurationPlatforms) = postSolution
		{6BBCA84A-28AF-4ED3-A692-4B6EC8A5E964}.Debug|Any CPU.ActiveCfg = Debug|Any CPU
		{6BBCA84A-28AF-4ED3-A692-4B6EC8A5E964}.Debug|Any CPU.Build.0 = Debug|Any CPU
		{6BBCA84A-28AF-4ED3-A692-4B6EC8A5E964}.Release|Any CPU.ActiveCfg = Release|Any CPU
		{6BBCA84A-28AF-4ED3-A692-4B6EC8A5E964}.Release|Any CPU.Build.0 = Release|Any CPU
		{626D04B8-37A3-439C-BDB0-BAA914B37AE5}.Debug|Any CPU.ActiveCfg = Debug|Any CPU
		{626D04B8-37A3-439C-BDB0-BAA914B37AE5}.Debug|Any CPU.Build.0 = Debug|Any CPU
		{626D04B8-37A3-439C-BDB0-BAA914B37AE5}.Release|Any CPU.ActiveCfg = Release|Any CPU
		{626D04B8-37A3-439C-BDB0-BAA914B37AE5}.Release|Any CPU.Build.0 = Release|Any CPU
		{AD1772AA-A03F-4081-8979-B1C7C30C85C2}.Debug|Any CPU.ActiveCfg = Debug|Any CPU
		{AD1772AA-A03F-4081-8979-B1C7C30C85C2}.Debug|Any CPU.Build.0 = Debug|Any CPU
		{AD1772AA-A03F-4081-8979-B1C7C30C85C2}.Release|Any CPU.ActiveCfg = Release|Any CPU
		{AD1772AA-A03F-4081-8979-B1C7C30C85C2}.Release|Any CPU.Build.0 = Release|Any CPU
	EndGlobalSection
	GlobalSection(SolutionProperties) = preSolution
		HideSolutionNode = FALSE
	EndGlobalSection
	GlobalSection(ExtensibilityGlobals) = postSolution
		SolutionGuid = {66CA6CE5-670E-48AA-A2DA-9347371D4CA0}
	EndGlobalSection
	GlobalSection(SharedMSBuildProjectFiles) = preSolution
		NovetusCore\NovetusCore.projitems*{626d04b8-37a3-439c-bdb0-baa914b37ae5}*SharedItemsImports = 5
		NovetusCore\NovetusCore.projitems*{6bbca84a-28af-4ed3-a692-4b6ec8a5e964}*SharedItemsImports = 5
		NovetusCore\NovetusCore.projitems*{ad1772aa-a03f-4081-8979-b1c7c30c85c2}*SharedItemsImports = 5
		NovetusCore\NovetusCore.projitems*{debcc57d-9a3b-4d7c-8693-fa4aec56c8c1}*SharedItemsImports = 13
	EndGlobalSection
EndGlobal
