
Microsoft Visual Studio Solution File, Format Version 12.00
# Visual Studio Version 17
VisualStudioVersion = 17.2.32630.192
MinimumVisualStudioVersion = 10.0.40219.1
Project("{FAE04EC0-301F-11D3-BF4B-00C04F79EFBC}") = "Novetus.Internal.ReleasePreparer", "G:\Projects\GitHub\Novetus\Novetus_src\Novetus\Novetus.ReleasePreparer\Novetus.Internal.ReleasePreparer.csproj", "{64A99062-3C1C-4D2E-99E4-D6D92443AC98}"
EndProject
Project("{FAE04EC0-301F-11D3-BF4B-00C04F79EFBC}") = "Novetus.ClientScriptTester.Net481", "G:\Projects\GitHub\Novetus\Novetus_src\Novetus\Novetus.ClientScriptTester\Novetus.ClientScriptTester.Net481.csproj", "{83B08607-65B8-4F9C-8D0F-AB1C8EEFFAE0}"
EndProject
Global
	GlobalSection(SolutionConfigurationPlatforms) = preSolution
		Debug|Any CPU = Debug|Any CPU
		Release|Any CPU = Release|Any CPU
	EndGlobalSection
	GlobalSection(ProjectConfigurationPlatforms) = postSolution
		{64A99062-3C1C-4D2E-99E4-D6D92443AC98}.Debug|Any CPU.ActiveCfg = Debug|Any CPU
		{64A99062-3C1C-4D2E-99E4-D6D92443AC98}.Debug|Any CPU.Build.0 = Debug|Any CPU
		{64A99062-3C1C-4D2E-99E4-D6D92443AC98}.Release|Any CPU.ActiveCfg = Release|Any CPU
		{64A99062-3C1C-4D2E-99E4-D6D92443AC98}.Release|Any CPU.Build.0 = Release|Any CPU
		{83B08607-65B8-4F9C-8D0F-AB1C8EEFFAE0}.Debug|Any CPU.ActiveCfg = Debug|Any CPU
		{83B08607-65B8-4F9C-8D0F-AB1C8EEFFAE0}.Debug|Any CPU.Build.0 = Debug|Any CPU
		{83B08607-65B8-4F9C-8D0F-AB1C8EEFFAE0}.Release|Any CPU.ActiveCfg = Release|Any CPU
		{83B08607-65B8-4F9C-8D0F-AB1C8EEFFAE0}.Release|Any CPU.Build.0 = Release|Any CPU
	EndGlobalSection
	GlobalSection(SolutionProperties) = preSolution
		HideSolutionNode = FALSE
	EndGlobalSection
	GlobalSection(ExtensibilityGlobals) = postSolution
		SolutionGuid = {66CA6CE5-670E-48AA-A2DA-9347371D4CA0}
	EndGlobalSection
EndGlobal
