
Microsoft Visual Studio Solution File, Format Version 12.00
# Visual Studio 14
VisualStudioVersion = 14.0.25420.1
MinimumVisualStudioVersion = 10.0.40219.1
Project("{FAE04EC0-301F-11D3-BF4B-00C04F79EFBC}") = "NovetusLauncher", "NovetusLauncher\NovetusLauncher.csproj", "{F92FFBED-2767-4676-9711-BB89CDA58A43}"
EndProject
Project("{FAE04EC0-301F-11D3-BF4B-00C04F79EFBC}") = "NovetusCMD", "NovetusCMD\NovetusCMD.csproj", "{BAC99C87-F6C1-4ED0-AA2E-05C6AE8979EA}"
EndProject
Project("{D954291E-2A0B-460D-934E-DC6B0785DB48}") = "NovetusFuncs", "NovetusFuncs\NovetusFuncs.shproj", "{54856A61-1EE2-40C3-85AE-C54B8DE7CC30}"
EndProject
Project("{FAE04EC0-301F-11D3-BF4B-00C04F79EFBC}") = "NovetusLauncher2_0", "NovetusLauncher2_0\NovetusLauncher2_0.csproj", "{4403821F-B3C8-4DCF-866C-7EAC6541C204}"
EndProject
Global
	GlobalSection(SharedMSBuildProjectFiles) = preSolution
		NovetusFuncs\NovetusFuncs.projitems*{54856a61-1ee2-40c3-85ae-c54b8de7cc30}*SharedItemsImports = 13
		NovetusFuncs\NovetusFuncs.projitems*{bac99c87-f6c1-4ed0-aa2e-05c6ae8979ea}*SharedItemsImports = 4
		NovetusFuncs\NovetusFuncs.projitems*{f92ffbed-2767-4676-9711-bb89cda58a43}*SharedItemsImports = 4
	EndGlobalSection
	GlobalSection(SolutionConfigurationPlatforms) = preSolution
		Debug|Any CPU = Debug|Any CPU
		Release|Any CPU = Release|Any CPU
	EndGlobalSection
	GlobalSection(ProjectConfigurationPlatforms) = postSolution
		{F92FFBED-2767-4676-9711-BB89CDA58A43}.Debug|Any CPU.ActiveCfg = Debug|Any CPU
		{F92FFBED-2767-4676-9711-BB89CDA58A43}.Debug|Any CPU.Build.0 = Debug|Any CPU
		{F92FFBED-2767-4676-9711-BB89CDA58A43}.Release|Any CPU.ActiveCfg = Release|Any CPU
		{F92FFBED-2767-4676-9711-BB89CDA58A43}.Release|Any CPU.Build.0 = Release|Any CPU
		{BAC99C87-F6C1-4ED0-AA2E-05C6AE8979EA}.Debug|Any CPU.ActiveCfg = Debug|Any CPU
		{BAC99C87-F6C1-4ED0-AA2E-05C6AE8979EA}.Debug|Any CPU.Build.0 = Debug|Any CPU
		{BAC99C87-F6C1-4ED0-AA2E-05C6AE8979EA}.Release|Any CPU.ActiveCfg = Release|Any CPU
		{BAC99C87-F6C1-4ED0-AA2E-05C6AE8979EA}.Release|Any CPU.Build.0 = Release|Any CPU
		{4403821F-B3C8-4DCF-866C-7EAC6541C204}.Debug|Any CPU.ActiveCfg = Debug|Any CPU
		{4403821F-B3C8-4DCF-866C-7EAC6541C204}.Debug|Any CPU.Build.0 = Debug|Any CPU
		{4403821F-B3C8-4DCF-866C-7EAC6541C204}.Release|Any CPU.ActiveCfg = Release|Any CPU
		{4403821F-B3C8-4DCF-866C-7EAC6541C204}.Release|Any CPU.Build.0 = Release|Any CPU
	EndGlobalSection
	GlobalSection(SolutionProperties) = preSolution
		HideSolutionNode = FALSE
	EndGlobalSection
EndGlobal
